# This file is autogenerated, do not edit; changes may be undone by the next 'dep ensure'.


[[projects]]
  branch = "master"
  name = "github.com/clarkf/libirc"
  packages = ["."]
  revision = "5b7ca00f47be28a1e48b6b60e8621d1c47156560"

[[projects]]
  branch = "master"
  name = "golang.org/x/net"
  packages = ["html","html/atom"]
  revision = "859d1a86bb617c0c20d154590c3c5d3fcb670b07"

[solve-meta]
  analyzer-name = "dep"
  analyzer-version = 1
  inputs-digest = "c5ec6dc78a732e0df7064608db0a2f1b363d44ced873edba5b364165f7d2b09d"
  solver-name = "gps-cdcl"
  solver-version = 1
