# This file is autogenerated, do not edit; changes may be undone by the next 'dep ensure'.


[[projects]]
  name = "github.com/thoj/go-ircevent"
  packages = ["."]
  revision = "a6b1561a016c2a4aae183c3ef152c25d134c095d"
  version = "0.1"

[[projects]]
  branch = "master"
  name = "golang.org/x/net"
  packages = ["html","html/atom"]
  revision = "859d1a86bb617c0c20d154590c3c5d3fcb670b07"

[solve-meta]
  analyzer-name = "dep"
  analyzer-version = 1
  inputs-digest = "78d806d81e3a51edb88ed1eb5c03ef3e04e0e7f07e21b2d7a7606cb3a5666fe4"
  solver-name = "gps-cdcl"
  solver-version = 1
